
Microsoft Visual Studio Solution File, Format Version 12.00
# Visual Studio Version 16
VisualStudioVersion = 16.0.32228.343
MinimumVisualStudioVersion = 10.0.40219.1
Project("{8BC9CEB8-8B4A-11D0-8D11-00A0C91BC942}") = "Map", "Map.vcxproj", "{D4D31C30-7D9C-4178-8C62-336C5B372DDC}"
EndProject
Global
	GlobalSection(SolutionConfigurationPlatforms) = preSolution
		Debug|x64 = Debug|x64
		Debug|x86 = Debug|x86
		Release|x64 = Release|x64
		Release|x86 = Release|x86
	EndGlobalSection
	GlobalSection(ProjectConfigurationPlatforms) = postSolution
		{D4D31C30-7D9C-4178-8C62-336C5B372DDC}.Debug|x64.ActiveCfg = Debug|x64
		{D4D31C30-7D9C-4178-8C62-336C5B372DDC}.Debug|x64.Build.0 = Debug|x64
		{D4D31C30-7D9C-4178-8C62-336C5B372DDC}.Debug|x86.ActiveCfg = Debug|Win32
		{D4D31C30-7D9C-4178-8C62-336C5B372DDC}.Debug|x86.Build.0 = Debug|Win32
		{D4D31C30-7D9C-4178-8C62-336C5B372DDC}.Release|x64.ActiveCfg = Release|x64
		{D4D31C30-7D9C-4178-8C62-336C5B372DDC}.Release|x64.Build.0 = Release|x64
		{D4D31C30-7D9C-4178-8C62-336C5B372DDC}.Release|x86.ActiveCfg = Release|Win32
		{D4D31C30-7D9C-4178-8C62-336C5B372DDC}.Release|x86.Build.0 = Release|Win32
	EndGlobalSection
	GlobalSection(SolutionProperties) = preSolution
		HideSolutionNode = FALSE
	EndGlobalSection
	GlobalSection(ExtensibilityGlobals) = postSolution
		SolutionGuid = {A43E6C3C-CE30-4977-B427-6B706F61876F}
	EndGlobalSection
EndGlobal
